
Microsoft Visual Studio Solution File, Format Version 12.00
# Visual Studio Version 16
VisualStudioVersion = 16.0.30907.101
MinimumVisualStudioVersion = 10.0.40219.1
Project("{FAE04EC0-301F-11D3-BF4B-00C04F79EFBC}") = "InterfacesDemo", "InterfacesDemo\InterfacesDemo.csproj", "{46F3077C-69C3-4B2A-BEFF-F8CC8167CEA4}"
EndProject
Global
	GlobalSection(SolutionConfigurationPlatforms) = preSolution
		Debug|Any CPU = Debug|Any CPU
		Release|Any CPU = Release|Any CPU
	EndGlobalSection
	GlobalSection(ProjectConfigurationPlatforms) = postSolution
		{46F3077C-69C3-4B2A-BEFF-F8CC8167CEA4}.Debug|Any CPU.ActiveCfg = Debug|Any CPU
		{46F3077C-69C3-4B2A-BEFF-F8CC8167CEA4}.Debug|Any CPU.Build.0 = Debug|Any CPU
		{46F3077C-69C3-4B2A-BEFF-F8CC8167CEA4}.Release|Any CPU.ActiveCfg = Release|Any CPU
		{46F3077C-69C3-4B2A-BEFF-F8CC8167CEA4}.Release|Any CPU.Build.0 = Release|Any CPU
	EndGlobalSection
	GlobalSection(SolutionProperties) = preSolution
		HideSolutionNode = FALSE
	EndGlobalSection
	GlobalSection(ExtensibilityGlobals) = postSolution
		SolutionGuid = {E3AEEE54-4EE9-4042-A0CF-57A7013035E4}
	EndGlobalSection
EndGlobal
